
Microsoft Visual Studio Solution File, Format Version 12.00
# Visual Studio Version 17
VisualStudioVersion = 17.13.35825.156 d17.13
MinimumVisualStudioVersion = 10.0.40219.1
Project("{FAE04EC0-301F-11D3-BF4B-00C04F79EFBC}") = "MoviesApi", "MoviesApi\MoviesApi.csproj", "{476B657B-8618-425C-92D3-9390827E5B3E}"
EndProject
Project("{FAE04EC0-301F-11D3-BF4B-00C04F79EFBC}") = "MoviesApi.Application", "MoviesApi.Application\MoviesApi.Application.csproj", "{ACE2DE90-F999-4714-9AB4-06B5D97EE32A}"
EndProject
Project("{FAE04EC0-301F-11D3-BF4B-00C04F79EFBC}") = "MoviesApi.Persistence", "MoviesApi.Persistence\MoviesApi.Persistence.csproj", "{E32256F7-4C2F-48EE-A8BC-362B4492E632}"
EndProject
Project("{FAE04EC0-301F-11D3-BF4B-00C04F79EFBC}") = "MoviesApi.Core", "MoviesApi.Core\MoviesApi.Core.csproj", "{34748D8C-40D7-4C8F-989C-56150D2A2803}"
EndProject
Project("{FAE04EC0-301F-11D3-BF4B-00C04F79EFBC}") = "MoviesApi.Infrastructure", "MoviesApi.Infrastructure\MoviesApi.Infrastructure.csproj", "{5D7AED52-0652-4101-BB7F-437CB4AB5CED}"
EndProject
Global
	GlobalSection(SolutionConfigurationPlatforms) = preSolution
		Debug|Any CPU = Debug|Any CPU
		Release|Any CPU = Release|Any CPU
	EndGlobalSection
	GlobalSection(ProjectConfigurationPlatforms) = postSolution
		{476B657B-8618-425C-92D3-9390827E5B3E}.Debug|Any CPU.ActiveCfg = Debug|Any CPU
		{476B657B-8618-425C-92D3-9390827E5B3E}.Debug|Any CPU.Build.0 = Debug|Any CPU
		{476B657B-8618-425C-92D3-9390827E5B3E}.Release|Any CPU.ActiveCfg = Release|Any CPU
		{476B657B-8618-425C-92D3-9390827E5B3E}.Release|Any CPU.Build.0 = Release|Any CPU
		{ACE2DE90-F999-4714-9AB4-06B5D97EE32A}.Debug|Any CPU.ActiveCfg = Debug|Any CPU
		{ACE2DE90-F999-4714-9AB4-06B5D97EE32A}.Debug|Any CPU.Build.0 = Debug|Any CPU
		{ACE2DE90-F999-4714-9AB4-06B5D97EE32A}.Release|Any CPU.ActiveCfg = Release|Any CPU
		{ACE2DE90-F999-4714-9AB4-06B5D97EE32A}.Release|Any CPU.Build.0 = Release|Any CPU
		{E32256F7-4C2F-48EE-A8BC-362B4492E632}.Debug|Any CPU.ActiveCfg = Debug|Any CPU
		{E32256F7-4C2F-48EE-A8BC-362B4492E632}.Debug|Any CPU.Build.0 = Debug|Any CPU
		{E32256F7-4C2F-48EE-A8BC-362B4492E632}.Release|Any CPU.ActiveCfg = Release|Any CPU
		{E32256F7-4C2F-48EE-A8BC-362B4492E632}.Release|Any CPU.Build.0 = Release|Any CPU
		{34748D8C-40D7-4C8F-989C-56150D2A2803}.Debug|Any CPU.ActiveCfg = Debug|Any CPU
		{34748D8C-40D7-4C8F-989C-56150D2A2803}.Debug|Any CPU.Build.0 = Debug|Any CPU
		{34748D8C-40D7-4C8F-989C-56150D2A2803}.Release|Any CPU.ActiveCfg = Release|Any CPU
		{34748D8C-40D7-4C8F-989C-56150D2A2803}.Release|Any CPU.Build.0 = Release|Any CPU
		{5D7AED52-0652-4101-BB7F-437CB4AB5CED}.Debug|Any CPU.ActiveCfg = Debug|Any CPU
		{5D7AED52-0652-4101-BB7F-437CB4AB5CED}.Debug|Any CPU.Build.0 = Debug|Any CPU
		{5D7AED52-0652-4101-BB7F-437CB4AB5CED}.Release|Any CPU.ActiveCfg = Release|Any CPU
		{5D7AED52-0652-4101-BB7F-437CB4AB5CED}.Release|Any CPU.Build.0 = Release|Any CPU
	EndGlobalSection
	GlobalSection(SolutionProperties) = preSolution
		HideSolutionNode = FALSE
	EndGlobalSection
	GlobalSection(ExtensibilityGlobals) = postSolution
		SolutionGuid = {89DA6397-6A5A-4329-B44B-EEB11F38114C}
	EndGlobalSection
EndGlobal
